
Microsoft Visual Studio Solution File, Format Version 12.00
# Visual Studio Version 17
VisualStudioVersion = 17.11.35431.28
MinimumVisualStudioVersion = 10.0.40219.1
Project("{FAE04EC0-301F-11D3-BF4B-00C04F79EFBC}") = "ConsoleApp1", "ConsoleApp1\ConsoleApp1.csproj", "{7DED8B17-0A84-48B2-98C0-2ADD22CEF98C}"
EndProject
Global
	GlobalSection(SolutionConfigurationPlatforms) = preSolution
		Debug|Any CPU = Debug|Any CPU
		Release|Any CPU = Release|Any CPU
	EndGlobalSection
	GlobalSection(ProjectConfigurationPlatforms) = postSolution
		{7DED8B17-0A84-48B2-98C0-2ADD22CEF98C}.Debug|Any CPU.ActiveCfg = Debug|Any CPU
		{7DED8B17-0A84-48B2-98C0-2ADD22CEF98C}.Debug|Any CPU.Build.0 = Debug|Any CPU
		{7DED8B17-0A84-48B2-98C0-2ADD22CEF98C}.Release|Any CPU.ActiveCfg = Release|Any CPU
		{7DED8B17-0A84-48B2-98C0-2ADD22CEF98C}.Release|Any CPU.Build.0 = Release|Any CPU
	EndGlobalSection
	GlobalSection(SolutionProperties) = preSolution
		HideSolutionNode = FALSE
	EndGlobalSection
	GlobalSection(ExtensibilityGlobals) = postSolution
		SolutionGuid = {C386A246-641A-4594-83B4-09A0E0FCCB40}
	EndGlobalSection
EndGlobal
